PODS:
  - AFNetworking (3.2.1):
    - AFNetworking/NSURLSession (= 3.2.1)
    - AFNetworking/Reachability (= 3.2.1)
    - AFNetworking/Security (= 3.2.1)
    - AFNetworking/Serialization (= 3.2.1)
    - AFNetworking/UIKit (= 3.2.1)
  - AFNetworking/NSURLSession (3.2.1):
    - AFNetworking/Reachability
    - AFNetworking/Security
    - AFNetworking/Serialization
  - AFNetworking/Reachability (3.2.1)
  - AFNetworking/Security (3.2.1)
  - AFNetworking/Serialization (3.2.1)
  - AFNetworking/UIKit (3.2.1):
    - AFNetworking/NSURLSession
  - Masonry (1.1.0)
  - NITools (0.2.0):
    - AFNetworking
    - Masonry
    - NITools/NICategory (= 0.2.0)
    - NITools/NIIPTool (= 0.2.0)
    - NITools/NIMacro (= 0.2.0)
    - NITools/NISandBoxTool (= 0.2.0)
    - NITools/NIView (= 0.2.0)
    - YYText
  - NITools/NICategory (0.2.0):
    - AFNetworking
    - Masonry
    - YYText
  - NITools/NIIPTool (0.2.0):
    - AFNetworking
    - Masonry
    - YYText
  - NITools/NIMacro (0.2.0):
    - AFNetworking
    - Masonry
    - YYText
  - NITools/NISandBoxTool (0.2.0):
    - AFNetworking
    - Masonry
    - YYText
  - NITools/NIView (0.2.0):
    - AFNetworking
    - Masonry
    - NITools/NICategory
    - NITools/NIMacro
    - YYText
  - YYText (1.0.7)

DEPENDENCIES:
  - NITools (from `../`)

SPEC REPOS:
  trunk:
    - AFNetworking
    - Masonry
    - YYText

EXTERNAL SOURCES:
  NITools:
    :path: "../"

SPEC CHECKSUMS:
  AFNetworking: b6f891fdfaed196b46c7a83cf209e09697b94057
  Masonry: 678fab65091a9290e40e2832a55e7ab731aad201
  NITools: e50f9bf664c9a27e70839b0de8ad02794aada163
  YYText: 5c461d709e24d55a182d1441c41dc639a18a4849

PODFILE CHECKSUM: 8ceff5e9b2063193f4f15271eb75adfd939b7861

COCOAPODS: 1.9.2
